dependencies:
- name: loki
  repository: file://../loki
  version: 0.14.2
- name: promtail
  repository: file://../promtail
  version: 0.12.1
- name: grafana
  repository: https://kubernetes-charts.storage.googleapis.com/
  version: 3.4.3
- name: prometheus
  repository: https://kubernetes-charts.storage.googleapis.com/
  version: 8.11.6
digest: sha256:56ec74e718c0340dc9ae5566e1b8a10a5a6314e3fbab087115d22bdc52e730e7
generated: 2019-09-23T19:07:21.47098762Z
